
Microsoft Visual Studio Solution File, Format Version 12.00
# Visual Studio Version 16
VisualStudioVersion = 16.0.30804.86
MinimumVisualStudioVersion = 10.0.40219.1
Project("{FAE04EC0-301F-11D3-BF4B-00C04F79EFBC}") = "girilen sayıyı binary çevirme", "girilen sayıyı binary çevirme.csproj", "{51094D8D-D9E0-4489-9DB2-1F65D6A89DF9}"
EndProject
Global
	GlobalSection(SolutionConfigurationPlatforms) = preSolution
		Debug|Any CPU = Debug|Any CPU
		Release|Any CPU = Release|Any CPU
	EndGlobalSection
	GlobalSection(ProjectConfigurationPlatforms) = postSolution
		{51094D8D-D9E0-4489-9DB2-1F65D6A89DF9}.Debug|Any CPU.ActiveCfg = Debug|Any CPU
		{51094D8D-D9E0-4489-9DB2-1F65D6A89DF9}.Debug|Any CPU.Build.0 = Debug|Any CPU
		{51094D8D-D9E0-4489-9DB2-1F65D6A89DF9}.Release|Any CPU.ActiveCfg = Release|Any CPU
		{51094D8D-D9E0-4489-9DB2-1F65D6A89DF9}.Release|Any CPU.Build.0 = Release|Any CPU
	EndGlobalSection
	GlobalSection(SolutionProperties) = preSolution
		HideSolutionNode = FALSE
	EndGlobalSection
	GlobalSection(ExtensibilityGlobals) = postSolution
		SolutionGuid = {30D15CCE-9754-478A-841A-ACDB1CA78A2D}
	EndGlobalSection
EndGlobal
