
Microsoft Visual Studio Solution File, Format Version 12.00
# Visual Studio Version 16
VisualStudioVersion = 16.0.30804.86
MinimumVisualStudioVersion = 10.0.40219.1
Project("{FAE04EC0-301F-11D3-BF4B-00C04F79EFBC}") = "metodlar_return", "metodlar_return.csproj", "{AE72C91D-F97D-4780-9830-F73ADB9D2206}"
EndProject
Global
	GlobalSection(SolutionConfigurationPlatforms) = preSolution
		Debug|Any CPU = Debug|Any CPU
		Release|Any CPU = Release|Any CPU
	EndGlobalSection
	GlobalSection(ProjectConfigurationPlatforms) = postSolution
		{AE72C91D-F97D-4780-9830-F73ADB9D2206}.Debug|Any CPU.ActiveCfg = Debug|Any CPU
		{AE72C91D-F97D-4780-9830-F73ADB9D2206}.Debug|Any CPU.Build.0 = Debug|Any CPU
		{AE72C91D-F97D-4780-9830-F73ADB9D2206}.Release|Any CPU.ActiveCfg = Release|Any CPU
		{AE72C91D-F97D-4780-9830-F73ADB9D2206}.Release|Any CPU.Build.0 = Release|Any CPU
	EndGlobalSection
	GlobalSection(SolutionProperties) = preSolution
		HideSolutionNode = FALSE
	EndGlobalSection
	GlobalSection(ExtensibilityGlobals) = postSolution
		SolutionGuid = {5F700F17-A66F-4C39-92C2-374AB7080848}
	EndGlobalSection
EndGlobal
